
Microsoft Visual Studio Solution File, Format Version 12.00
# Visual Studio Version 17
VisualStudioVersion = 17.11.35312.102
MinimumVisualStudioVersion = 10.0.40219.1
Project("{FAE04EC0-301F-11D3-BF4B-00C04F79EFBC}") = "Cálculo Préstamos Simples, Intereses, Amortizaciones", "Cálculo Préstamos Simples, Intereses, Amortizaciones.csproj", "{5FE87896-C65C-4FC1-BFC8-906D50610C96}"
EndProject
Project("{2150E333-8FDC-42A3-9474-1A3956D46DE8}") = "1.AccesoDatos", "1.AccesoDatos", "{02663AEF-24AB-4CB5-9D36-119727C6F428}"
	ProjectSection(SolutionItems) = preProject
		Conexion.cs = Conexion.cs
	EndProjectSection
EndProject
Project("{2150E333-8FDC-42A3-9474-1A3956D46DE8}") = "2.LogicaNegocio", "2.LogicaNegocio", "{1D23E312-27D6-44FE-B15C-D03EC9901C79}"
EndProject
Project("{2150E333-8FDC-42A3-9474-1A3956D46DE8}") = "3.Entidad", "3.Entidad", "{C2FE9C28-EA9C-4BD7-A64D-446CF8C89633}"
	ProjectSection(SolutionItems) = preProject
		EntidadesClase.cs = EntidadesClase.cs
	EndProjectSection
EndProject
Project("{2150E333-8FDC-42A3-9474-1A3956D46DE8}") = "4.Presentacion", "4.Presentacion", "{6DFBC9D8-9C4F-4D11-A182-8913A2129E10}"
EndProject
Project("{FAE04EC0-301F-11D3-BF4B-00C04F79EFBC}") = "1.AccesoDatos", "..\1.AccesoDatos\1.AccesoDatos.csproj", "{F6C23AC6-76B1-4C5D-9510-3DC4096BC7E6}"
EndProject
Project("{FAE04EC0-301F-11D3-BF4B-00C04F79EFBC}") = "2.LogicaNegocio", "..\2.LogicaNegocio\2.LogicaNegocio.csproj", "{3F5750EE-70BF-40D0-8B14-CD44D8469EA3}"
EndProject
Project("{FAE04EC0-301F-11D3-BF4B-00C04F79EFBC}") = "3.Entidad", "..\3.Entidad\3.Entidad.csproj", "{E0A7B0E4-D723-4493-BC27-5F4B88B5928D}"
EndProject
Project("{FAE04EC0-301F-11D3-BF4B-00C04F79EFBC}") = "4.Presentacion", "..\4.Presentacion\4.Presentacion.csproj", "{924D1551-C64B-42F0-AC75-8B307F25710B}"
EndProject
Project("{2150E333-8FDC-42A3-9474-1A3956D46DE8}") = "df", "df", "{B9086081-582A-4C20-984C-B1250AE757CB}"
EndProject
Global
	GlobalSection(SolutionConfigurationPlatforms) = preSolution
		Debug|Any CPU = Debug|Any CPU
		Release|Any CPU = Release|Any CPU
	EndGlobalSection
	GlobalSection(ProjectConfigurationPlatforms) = postSolution
		{5FE87896-C65C-4FC1-BFC8-906D50610C96}.Debug|Any CPU.ActiveCfg = Debug|Any CPU
		{5FE87896-C65C-4FC1-BFC8-906D50610C96}.Debug|Any CPU.Build.0 = Debug|Any CPU
		{5FE87896-C65C-4FC1-BFC8-906D50610C96}.Release|Any CPU.ActiveCfg = Release|Any CPU
		{5FE87896-C65C-4FC1-BFC8-906D50610C96}.Release|Any CPU.Build.0 = Release|Any CPU
		{F6C23AC6-76B1-4C5D-9510-3DC4096BC7E6}.Debug|Any CPU.ActiveCfg = Debug|Any CPU
		{F6C23AC6-76B1-4C5D-9510-3DC4096BC7E6}.Debug|Any CPU.Build.0 = Debug|Any CPU
		{F6C23AC6-76B1-4C5D-9510-3DC4096BC7E6}.Release|Any CPU.ActiveCfg = Release|Any CPU
		{F6C23AC6-76B1-4C5D-9510-3DC4096BC7E6}.Release|Any CPU.Build.0 = Release|Any CPU
		{3F5750EE-70BF-40D0-8B14-CD44D8469EA3}.Debug|Any CPU.ActiveCfg = Debug|Any CPU
		{3F5750EE-70BF-40D0-8B14-CD44D8469EA3}.Debug|Any CPU.Build.0 = Debug|Any CPU
		{3F5750EE-70BF-40D0-8B14-CD44D8469EA3}.Release|Any CPU.ActiveCfg = Release|Any CPU
		{3F5750EE-70BF-40D0-8B14-CD44D8469EA3}.Release|Any CPU.Build.0 = Release|Any CPU
		{E0A7B0E4-D723-4493-BC27-5F4B88B5928D}.Debug|Any CPU.ActiveCfg = Debug|Any CPU
		{E0A7B0E4-D723-4493-BC27-5F4B88B5928D}.Debug|Any CPU.Build.0 = Debug|Any CPU
		{E0A7B0E4-D723-4493-BC27-5F4B88B5928D}.Release|Any CPU.ActiveCfg = Release|Any CPU
		{E0A7B0E4-D723-4493-BC27-5F4B88B5928D}.Release|Any CPU.Build.0 = Release|Any CPU
		{924D1551-C64B-42F0-AC75-8B307F25710B}.Debug|Any CPU.ActiveCfg = Debug|Any CPU
		{924D1551-C64B-42F0-AC75-8B307F25710B}.Debug|Any CPU.Build.0 = Debug|Any CPU
		{924D1551-C64B-42F0-AC75-8B307F25710B}.Release|Any CPU.ActiveCfg = Release|Any CPU
		{924D1551-C64B-42F0-AC75-8B307F25710B}.Release|Any CPU.Build.0 = Release|Any CPU
	EndGlobalSection
	GlobalSection(SolutionProperties) = preSolution
		HideSolutionNode = FALSE
	EndGlobalSection
	GlobalSection(NestedProjects) = preSolution
		{F6C23AC6-76B1-4C5D-9510-3DC4096BC7E6} = {02663AEF-24AB-4CB5-9D36-119727C6F428}
		{3F5750EE-70BF-40D0-8B14-CD44D8469EA3} = {1D23E312-27D6-44FE-B15C-D03EC9901C79}
		{E0A7B0E4-D723-4493-BC27-5F4B88B5928D} = {C2FE9C28-EA9C-4BD7-A64D-446CF8C89633}
		{924D1551-C64B-42F0-AC75-8B307F25710B} = {6DFBC9D8-9C4F-4D11-A182-8913A2129E10}
	EndGlobalSection
	GlobalSection(ExtensibilityGlobals) = postSolution
		SolutionGuid = {7BAFA1CE-F1B9-42B9-BD60-8EF6FFB0C880}
	EndGlobalSection
EndGlobal
